PODS:
  - eraser (3.1.0):
    - Flutter
  - Flutter (1.0.0)
  - flutter_local_notifications (0.0.1):
    - Flutter

DEPENDENCIES:
  - eraser (from `.symlinks/plugins/eraser/ios`)
  - Flutter (from `Flutter`)
  - flutter_local_notifications (from `.symlinks/plugins/flutter_local_notifications/ios`)

EXTERNAL SOURCES:
  eraser:
    :path: ".symlinks/plugins/eraser/ios"
  Flutter:
    :path: Flutter
  flutter_local_notifications:
    :path: ".symlinks/plugins/flutter_local_notifications/ios"

SPEC CHECKSUMS:
  eraser: 51665db24f8cf647c0632f7da753039caaf969fd
  Flutter: cabc95a1d2626b1b06e7179b784ebcf0c0cde467
  flutter_local_notifications: 643a3eda1ce1c0599413ca31672536d423dee214

PODFILE CHECKSUM: d2243213672c3c48aae53c36642ba411a6be7309

COCOAPODS: 1.16.2
