PODS:
  - eraser (0.0.1):
    - Flutter
  - Flutter (1.0.0)

DEPENDENCIES:
  - eraser (from `.symlinks/plugins/eraser/ios`)
  - Flutter (from `Flutter`)

EXTERNAL SOURCES:
  eraser:
    :path: ".symlinks/plugins/eraser/ios"
  Flutter:
    :path: Flutter

SPEC CHECKSUMS:
  eraser: 23d701c0ff53a9d042581459b752fd76a6ad6ca4
  Flutter: 0e3d915762c693b495b44d77113d4970485de6ec

PODFILE CHECKSUM: aafe91acc616949ddb318b77800a7f51bffa2a4c

COCOAPODS: 1.10.0.beta.2
